# THIS IS AN AUTOGENERATED FILE. DO NOT EDIT THIS FILE DIRECTLY.
# yarn lockfile v1


"@assemblyscript/loader@^0.19.16":
  version "0.19.16"
  resolved "https://registry.yarnpkg.com/@assemblyscript/loader/-/loader-0.19.16.tgz#481063138724deef314dc0930714eebf39117683"
  integrity sha512-Skp0eLY3oP2YfAxaHq4IpsUZQOpllkBB0dNDrhck42mGQTimAJ6KegXMuFVa9PIP6gw3bDlCs2iIegfGnXiuFg==

assemblyscript@^0.19.16:
  version "0.19.16"
  resolved "https://registry.yarnpkg.com/assemblyscript/-/assemblyscript-0.19.16.tgz#fc06c9892755775e8e31a59249fbc361fd49e1d1"
  integrity sha512-AMNdwcat+EEsxjkVQ5vOE/lDbXBvy1swQKAuMG2Ken+DZufZH7wKHIAVKR5liteW/jLL3T971l1MN+onP/bixA==
  dependencies:
    binaryen "101.0.0-nightly.20210904"
    long "^4.0.0"

binaryen@101.0.0-nightly.20210904:
  version "101.0.0-nightly.20210904"
  resolved "https://registry.yarnpkg.com/binaryen/-/binaryen-101.0.0-nightly.20210904.tgz#58a7990d6d64b16567f376a1fe47d8aea6698b14"
  integrity sha512-2AvJhErttuoMvgNcYPPpPy7C12PSvDdtZWtEeX/Otm/Vtf4ePvBpT3UIA00hGAh8HNaGr+dzFNstxTUvjNwZTg==

long@^4.0.0:
  version "4.0.0"
  resolved "https://registry.yarnpkg.com/long/-/long-4.0.0.tgz#9a7b71cfb7d361a194ea555241c92f7468d5bf28"
  integrity sha512-XsP+KhQif4bjX1kbuSiySJFNAehNxgLb6hPRGJ9QsUr8ajHkuXGdrHmFUTUUXhDwVX2R5bY4JNZEwbUiMhV+MA==
